
Microsoft Visual Studio Solution File, Format Version 12.00
# Visual Studio Version 16
VisualStudioVersion = 16.0.31702.278
MinimumVisualStudioVersion = 10.0.40219.1
Project("{FAE04EC0-301F-11D3-BF4B-00C04F79EFBC}") = "WebApplication1", "WebApplication1\WebApplication1.csproj", "{C4BF6276-BC98-4F26-8AC2-1D5EE3335521}"
EndProject
Global
	GlobalSection(SolutionConfigurationPlatforms) = preSolution
		Debug|Any CPU = Debug|Any CPU
		Release|Any CPU = Release|Any CPU
	EndGlobalSection
	GlobalSection(ProjectConfigurationPlatforms) = postSolution
		{C4BF6276-BC98-4F26-8AC2-1D5EE3335521}.Debug|Any CPU.ActiveCfg = Debug|Any CPU
		{C4BF6276-BC98-4F26-8AC2-1D5EE3335521}.Debug|Any CPU.Build.0 = Debug|Any CPU
		{C4BF6276-BC98-4F26-8AC2-1D5EE3335521}.Release|Any CPU.ActiveCfg = Release|Any CPU
		{C4BF6276-BC98-4F26-8AC2-1D5EE3335521}.Release|Any CPU.Build.0 = Release|Any CPU
	EndGlobalSection
	GlobalSection(SolutionProperties) = preSolution
		HideSolutionNode = FALSE
	EndGlobalSection
	GlobalSection(ExtensibilityGlobals) = postSolution
		SolutionGuid = {7D0ADF52-5165-4D88-85A9-5AB24E5E12C3}
	EndGlobalSection
EndGlobal
